
Microsoft Visual Studio Solution File, Format Version 12.00
# Visual Studio 15
VisualStudioVersion = 15.0.28307.271
MinimumVisualStudioVersion = 10.0.40219.1
Project("{FAE04EC0-301F-11D3-BF4B-00C04F79EFBC}") = "AppXamarin.Android", "AppXamarin\AppXamarin.Android\AppXamarin.Android.csproj", "{703BBBB1-60BA-471A-88B7-000E490783D7}"
EndProject
Project("{FAE04EC0-301F-11D3-BF4B-00C04F79EFBC}") = "AppXamarin.iOS", "AppXamarin\AppXamarin.iOS\AppXamarin.iOS.csproj", "{C9F2F883-712C-4DA7-9079-871FFD5EC151}"
EndProject
Project("{FAE04EC0-301F-11D3-BF4B-00C04F79EFBC}") = "AppXamarin.UWP", "AppXamarin\AppXamarin.UWP\AppXamarin.UWP.csproj", "{2F2277E5-D1A6-48E2-BCDE-E0AFA2A5E507}"
EndProject
Project("{FAE04EC0-301F-11D3-BF4B-00C04F79EFBC}") = "AppXamarin", "AppXamarin\AppXamarin\AppXamarin.csproj", "{C1CAB67E-E990-4F54-9149-21B7E5AA2C57}"
EndProject
Global
	GlobalSection(SolutionConfigurationPlatforms) = preSolution
		Ad-Hoc|Any CPU = Ad-Hoc|Any CPU
		Ad-Hoc|ARM = Ad-Hoc|ARM
		Ad-Hoc|iPhone = Ad-Hoc|iPhone
		Ad-Hoc|iPhoneSimulator = Ad-Hoc|iPhoneSimulator
		Ad-Hoc|x64 = Ad-Hoc|x64
		Ad-Hoc|x86 = Ad-Hoc|x86
		AppStore|Any CPU = AppStore|Any CPU
		AppStore|ARM = AppStore|ARM
		AppStore|iPhone = AppStore|iPhone
		AppStore|iPhoneSimulator = AppStore|iPhoneSimulator
		AppStore|x64 = AppStore|x64
		AppStore|x86 = AppStore|x86
		Debug|Any CPU = Debug|Any CPU
		Debug|ARM = Debug|ARM
		Debug|iPhone = Debug|iPhone
		Debug|iPhoneSimulator = Debug|iPhoneSimulator
		Debug|x64 = Debug|x64
		Debug|x86 = Debug|x86
		Release|Any CPU = Release|Any CPU
		Release|ARM = Release|ARM
		Release|iPhone = Release|iPhone
		Release|iPhoneSimulator = Release|iPhoneSimulator
		Release|x64 = Release|x64
		Release|x86 = Release|x86
	EndGlobalSection
	GlobalSection(ProjectConfigurationPlatforms) = postSolution
		{703BBBB1-60BA-471A-88B7-000E490783D7}.Ad-Hoc|Any CPU.ActiveCfg = Release|Any CPU
		{703BBBB1-60BA-471A-88B7-000E490783D7}.Ad-Hoc|Any CPU.Build.0 = Release|Any CPU
		{703BBBB1-60BA-471A-88B7-000E490783D7}.Ad-Hoc|Any CPU.Deploy.0 = Release|Any CPU
		{703BBBB1-60BA-471A-88B7-000E490783D7}.Ad-Hoc|ARM.ActiveCfg = Release|Any CPU
		{703BBBB1-60BA-471A-88B7-000E490783D7}.Ad-Hoc|ARM.Build.0 = Release|Any CPU
		{703BBBB1-60BA-471A-88B7-000E490783D7}.Ad-Hoc|ARM.Deploy.0 = Release|Any CPU
		{703BBBB1-60BA-471A-88B7-000E490783D7}.Ad-Hoc|iPhone.ActiveCfg = Release|Any CPU
		{703BBBB1-60BA-471A-88B7-000E490783D7}.Ad-Hoc|iPhone.Build.0 = Release|Any CPU
		{703BBBB1-60BA-471A-88B7-000E490783D7}.Ad-Hoc|iPhone.Deploy.0 = Release|Any CPU
		{703BBBB1-60BA-471A-88B7-000E490783D7}.Ad-Hoc|iPhoneSimulator.ActiveCfg = Release|Any CPU
		{703BBBB1-60BA-471A-88B7-000E490783D7}.Ad-Hoc|iPhoneSimulator.Build.0 = Release|Any CPU
		{703BBBB1-60BA-471A-88B7-000E490783D7}.Ad-Hoc|iPhoneSimulator.Deploy.0 = Release|Any CPU
		{703BBBB1-60BA-471A-88B7-000E490783D7}.Ad-Hoc|x64.ActiveCfg = Release|Any CPU
		{703BBBB1-60BA-471A-88B7-000E490783D7}.Ad-Hoc|x64.Build.0 = Release|Any CPU
		{703BBBB1-60BA-471A-88B7-000E490783D7}.Ad-Hoc|x64.Deploy.0 = Release|Any CPU
		{703BBBB1-60BA-471A-88B7-000E490783D7}.Ad-Hoc|x86.ActiveCfg = Release|Any CPU
		{703BBBB1-60BA-471A-88B7-000E490783D7}.Ad-Hoc|x86.Build.0 = Release|Any CPU
		{703BBBB1-60BA-471A-88B7-000E490783D7}.Ad-Hoc|x86.Deploy.0 = Release|Any CPU
		{703BBBB1-60BA-471A-88B7-000E490783D7}.AppStore|Any CPU.ActiveCfg = Release|Any CPU
		{703BBBB1-60BA-471A-88B7-000E490783D7}.AppStore|Any CPU.Build.0 = Release|Any CPU
		{703BBBB1-60BA-471A-88B7-000E490783D7}.AppStore|Any CPU.Deploy.0 = Release|Any CPU
		{703BBBB1-60BA-471A-88B7-000E490783D7}.AppStore|ARM.ActiveCfg = Release|Any CPU
		{703BBBB1-60BA-471A-88B7-000E490783D7}.AppStore|ARM.Build.0 = Release|Any CPU
		{703BBBB1-60BA-471A-88B7-000E490783D7}.AppStore|ARM.Deploy.0 = Release|Any CPU
		{703BBBB1-60BA-471A-88B7-000E490783D7}.AppStore|iPhone.ActiveCfg = Release|Any CPU
		{703BBBB1-60BA-471A-88B7-000E490783D7}.AppStore|iPhone.Build.0 = Release|Any CPU
		{703BBBB1-60BA-471A-88B7-000E490783D7}.AppStore|iPhone.Deploy.0 = Release|Any CPU
		{703BBBB1-60BA-471A-88B7-000E490783D7}.AppStore|iPhoneSimulator.ActiveCfg = Release|Any CPU
		{703BBBB1-60BA-471A-88B7-000E490783D7}.AppStore|iPhoneSimulator.Build.0 = Release|Any CPU
		{703BBBB1-60BA-471A-88B7-000E490783D7}.AppStore|iPhoneSimulator.Deploy.0 = Release|Any CPU
		{703BBBB1-60BA-471A-88B7-000E490783D7}.AppStore|x64.ActiveCfg = Release|Any CPU
		{703BBBB1-60BA-471A-88B7-000E490783D7}.AppStore|x64.Build.0 = Release|Any CPU
		{703BBBB1-60BA-471A-88B7-000E490783D7}.AppStore|x64.Deploy.0 = Release|Any CPU
		{703BBBB1-60BA-471A-88B7-000E490783D7}.AppStore|x86.ActiveCfg = Release|Any CPU
		{703BBBB1-60BA-471A-88B7-000E490783D7}.AppStore|x86.Build.0 = Release|Any CPU
		{703BBBB1-60BA-471A-88B7-000E490783D7}.AppStore|x86.Deploy.0 = Release|Any CPU
		{703BBBB1-60BA-471A-88B7-000E490783D7}.Debug|Any CPU.ActiveCfg = Debug|Any CPU
		{703BBBB1-60BA-471A-88B7-000E490783D7}.Debug|Any CPU.Build.0 = Debug|Any CPU
		{703BBBB1-60BA-471A-88B7-000E490783D7}.Debug|Any CPU.Deploy.0 = Debug|Any CPU
		{703BBBB1-60BA-471A-88B7-000E490783D7}.Debug|ARM.ActiveCfg = Debug|Any CPU
		{703BBBB1-60BA-471A-88B7-000E490783D7}.Debug|ARM.Build.0 = Debug|Any CPU
		{703BBBB1-60BA-471A-88B7-000E490783D7}.Debug|ARM.Deploy.0 = Debug|Any CPU
		{703BBBB1-60BA-471A-88B7-000E490783D7}.Debug|iPhone.ActiveCfg = Debug|Any CPU
		{703BBBB1-60BA-471A-88B7-000E490783D7}.Debug|iPhone.Build.0 = Debug|Any CPU
		{703BBBB1-60BA-471A-88B7-000E490783D7}.Debug|iPhone.Deploy.0 = Debug|Any CPU
		{703BBBB1-60BA-471A-88B7-000E490783D7}.Debug|iPhoneSimulator.ActiveCfg = Debug|Any CPU
		{703BBBB1-60BA-471A-88B7-000E490783D7}.Debug|iPhoneSimulator.Build.0 = Debug|Any CPU
		{703BBBB1-60BA-471A-88B7-000E490783D7}.Debug|iPhoneSimulator.Deploy.0 = Debug|Any CPU
		{703BBBB1-60BA-471A-88B7-000E490783D7}.Debug|x64.ActiveCfg = Debug|Any CPU
		{703BBBB1-60BA-471A-88B7-000E490783D7}.Debug|x64.Build.0 = Debug|Any CPU
		{703BBBB1-60BA-471A-88B7-000E490783D7}.Debug|x64.Deploy.0 = Debug|Any CPU
		{703BBBB1-60BA-471A-88B7-000E490783D7}.Debug|x86.ActiveCfg = Debug|Any CPU
		{703BBBB1-60BA-471A-88B7-000E490783D7}.Debug|x86.Build.0 = Debug|Any CPU
		{703BBBB1-60BA-471A-88B7-000E490783D7}.Debug|x86.Deploy.0 = Debug|Any CPU
		{703BBBB1-60BA-471A-88B7-000E490783D7}.Release|Any CPU.ActiveCfg = Release|Any CPU
		{703BBBB1-60BA-471A-88B7-000E490783D7}.Release|Any CPU.Build.0 = Release|Any CPU
		{703BBBB1-60BA-471A-88B7-000E490783D7}.Release|Any CPU.Deploy.0 = Release|Any CPU
		{703BBBB1-60BA-471A-88B7-000E490783D7}.Release|ARM.ActiveCfg = Release|Any CPU
		{703BBBB1-60BA-471A-88B7-000E490783D7}.Release|ARM.Build.0 = Release|Any CPU
		{703BBBB1-60BA-471A-88B7-000E490783D7}.Release|ARM.Deploy.0 = Release|Any CPU
		{703BBBB1-60BA-471A-88B7-000E490783D7}.Release|iPhone.ActiveCfg = Release|Any CPU
		{703BBBB1-60BA-471A-88B7-000E490783D7}.Release|iPhone.Build.0 = Release|Any CPU
		{703BBBB1-60BA-471A-88B7-000E490783D7}.Release|iPhone.Deploy.0 = Release|Any CPU
		{703BBBB1-60BA-471A-88B7-000E490783D7}.Release|iPhoneSimulator.ActiveCfg = Release|Any CPU
		{703BBBB1-60BA-471A-88B7-000E490783D7}.Release|iPhoneSimulator.Build.0 = Release|Any CPU
		{703BBBB1-60BA-471A-88B7-000E490783D7}.Release|iPhoneSimulator.Deploy.0 = Release|Any CPU
		{703BBBB1-60BA-471A-88B7-000E490783D7}.Release|x64.ActiveCfg = Release|Any CPU
		{703BBBB1-60BA-471A-88B7-000E490783D7}.Release|x64.Build.0 = Release|Any CPU
		{703BBBB1-60BA-471A-88B7-000E490783D7}.Release|x64.Deploy.0 = Release|Any CPU
		{703BBBB1-60BA-471A-88B7-000E490783D7}.Release|x86.ActiveCfg = Release|Any CPU
		{703BBBB1-60BA-471A-88B7-000E490783D7}.Release|x86.Build.0 = Release|Any CPU
		{703BBBB1-60BA-471A-88B7-000E490783D7}.Release|x86.Deploy.0 = Release|Any CPU
		{C9F2F883-712C-4DA7-9079-871FFD5EC151}.Ad-Hoc|Any CPU.ActiveCfg = Ad-Hoc|iPhone
		{C9F2F883-712C-4DA7-9079-871FFD5EC151}.Ad-Hoc|Any CPU.Build.0 = Ad-Hoc|iPhone
		{C9F2F883-712C-4DA7-9079-871FFD5EC151}.Ad-Hoc|Any CPU.Deploy.0 = Ad-Hoc|iPhone
		{C9F2F883-712C-4DA7-9079-871FFD5EC151}.Ad-Hoc|ARM.ActiveCfg = Ad-Hoc|iPhone
		{C9F2F883-712C-4DA7-9079-871FFD5EC151}.Ad-Hoc|ARM.Build.0 = Ad-Hoc|iPhone
		{C9F2F883-712C-4DA7-9079-871FFD5EC151}.Ad-Hoc|ARM.Deploy.0 = Ad-Hoc|iPhone
		{C9F2F883-712C-4DA7-9079-871FFD5EC151}.Ad-Hoc|iPhone.ActiveCfg = Ad-Hoc|iPhone
		{C9F2F883-712C-4DA7-9079-871FFD5EC151}.Ad-Hoc|iPhone.Build.0 = Ad-Hoc|iPhone
		{C9F2F883-712C-4DA7-9079-871FFD5EC151}.Ad-Hoc|iPhone.Deploy.0 = Ad-Hoc|iPhone
		{C9F2F883-712C-4DA7-9079-871FFD5EC151}.Ad-Hoc|iPhoneSimulator.ActiveCfg = Ad-Hoc|iPhoneSimulator
		{C9F2F883-712C-4DA7-9079-871FFD5EC151}.Ad-Hoc|iPhoneSimulator.Build.0 = Ad-Hoc|iPhoneSimulator
		{C9F2F883-712C-4DA7-9079-871FFD5EC151}.Ad-Hoc|iPhoneSimulator.Deploy.0 = Ad-Hoc|iPhoneSimulator
		{C9F2F883-712C-4DA7-9079-871FFD5EC151}.Ad-Hoc|x64.ActiveCfg = Ad-Hoc|iPhone
		{C9F2F883-712C-4DA7-9079-871FFD5EC151}.Ad-Hoc|x64.Build.0 = Ad-Hoc|iPhone
		{C9F2F883-712C-4DA7-9079-871FFD5EC151}.Ad-Hoc|x64.Deploy.0 = Ad-Hoc|iPhone
		{C9F2F883-712C-4DA7-9079-871FFD5EC151}.Ad-Hoc|x86.ActiveCfg = Ad-Hoc|iPhone
		{C9F2F883-712C-4DA7-9079-871FFD5EC151}.Ad-Hoc|x86.Build.0 = Ad-Hoc|iPhone
		{C9F2F883-712C-4DA7-9079-871FFD5EC151}.Ad-Hoc|x86.Deploy.0 = Ad-Hoc|iPhone
		{C9F2F883-712C-4DA7-9079-871FFD5EC151}.AppStore|Any CPU.ActiveCfg = AppStore|iPhone
		{C9F2F883-712C-4DA7-9079-871FFD5EC151}.AppStore|Any CPU.Build.0 = AppStore|iPhone
		{C9F2F883-712C-4DA7-9079-871FFD5EC151}.AppStore|Any CPU.Deploy.0 = AppStore|iPhone
		{C9F2F883-712C-4DA7-9079-871FFD5EC151}.AppStore|ARM.ActiveCfg = AppStore|iPhone
		{C9F2F883-712C-4DA7-9079-871FFD5EC151}.AppStore|ARM.Build.0 = AppStore|iPhone
		{C9F2F883-712C-4DA7-9079-871FFD5EC151}.AppStore|ARM.Deploy.0 = AppStore|iPhone
		{C9F2F883-712C-4DA7-9079-871FFD5EC151}.AppStore|iPhone.ActiveCfg = AppStore|iPhone
		{C9F2F883-712C-4DA7-9079-871FFD5EC151}.AppStore|iPhone.Build.0 = AppStore|iPhone
		{C9F2F883-712C-4DA7-9079-871FFD5EC151}.AppStore|iPhone.Deploy.0 = AppStore|iPhone
		{C9F2F883-712C-4DA7-9079-871FFD5EC151}.AppStore|iPhoneSimulator.ActiveCfg = AppStore|iPhoneSimulator
		{C9F2F883-712C-4DA7-9079-871FFD5EC151}.AppStore|iPhoneSimulator.Build.0 = AppStore|iPhoneSimulator
		{C9F2F883-712C-4DA7-9079-871FFD5EC151}.AppStore|iPhoneSimulator.Deploy.0 = AppStore|iPhoneSimulator
		{C9F2F883-712C-4DA7-9079-871FFD5EC151}.AppStore|x64.ActiveCfg = AppStore|iPhone
		{C9F2F883-712C-4DA7-9079-871FFD5EC151}.AppStore|x64.Build.0 = AppStore|iPhone
		{C9F2F883-712C-4DA7-9079-871FFD5EC151}.AppStore|x64.Deploy.0 = AppStore|iPhone
		{C9F2F883-712C-4DA7-9079-871FFD5EC151}.AppStore|x86.ActiveCfg = AppStore|iPhone
		{C9F2F883-712C-4DA7-9079-871FFD5EC151}.AppStore|x86.Build.0 = AppStore|iPhone
		{C9F2F883-712C-4DA7-9079-871FFD5EC151}.AppStore|x86.Deploy.0 = AppStore|iPhone
		{C9F2F883-712C-4DA7-9079-871FFD5EC151}.Debug|Any CPU.ActiveCfg = Debug|iPhoneSimulator
		{C9F2F883-712C-4DA7-9079-871FFD5EC151}.Debug|Any CPU.Build.0 = Debug|iPhoneSimulator
		{C9F2F883-712C-4DA7-9079-871FFD5EC151}.Debug|Any CPU.Deploy.0 = Debug|iPhoneSimulator
		{C9F2F883-712C-4DA7-9079-871FFD5EC151}.Debug|ARM.ActiveCfg = Debug|iPhone
		{C9F2F883-712C-4DA7-9079-871FFD5EC151}.Debug|ARM.Build.0 = Debug|iPhone
		{C9F2F883-712C-4DA7-9079-871FFD5EC151}.Debug|ARM.Deploy.0 = Debug|iPhone
		{C9F2F883-712C-4DA7-9079-871FFD5EC151}.Debug|iPhone.ActiveCfg = Debug|iPhone
		{C9F2F883-712C-4DA7-9079-871FFD5EC151}.Debug|iPhone.Build.0 = Debug|iPhone
		{C9F2F883-712C-4DA7-9079-871FFD5EC151}.Debug|iPhone.Deploy.0 = Debug|iPhone
		{C9F2F883-712C-4DA7-9079-871FFD5EC151}.Debug|iPhoneSimulator.ActiveCfg = Debug|iPhoneSimulator
		{C9F2F883-712C-4DA7-9079-871FFD5EC151}.Debug|iPhoneSimulator.Build.0 = Debug|iPhoneSimulator
		{C9F2F883-712C-4DA7-9079-871FFD5EC151}.Debug|iPhoneSimulator.Deploy.0 = Debug|iPhoneSimulator
		{C9F2F883-712C-4DA7-9079-871FFD5EC151}.Debug|x64.ActiveCfg = Debug|iPhone
		{C9F2F883-712C-4DA7-9079-871FFD5EC151}.Debug|x64.Build.0 = Debug|iPhone
		{C9F2F883-712C-4DA7-9079-871FFD5EC151}.Debug|x64.Deploy.0 = Debug|iPhone
		{C9F2F883-712C-4DA7-9079-871FFD5EC151}.Debug|x86.ActiveCfg = Debug|iPhone
		{C9F2F883-712C-4DA7-9079-871FFD5EC151}.Debug|x86.Build.0 = Debug|iPhone
		{C9F2F883-712C-4DA7-9079-871FFD5EC151}.Debug|x86.Deploy.0 = Debug|iPhone
		{C9F2F883-712C-4DA7-9079-871FFD5EC151}.Release|Any CPU.ActiveCfg = Release|iPhone
		{C9F2F883-712C-4DA7-9079-871FFD5EC151}.Release|Any CPU.Build.0 = Release|iPhone
		{C9F2F883-712C-4DA7-9079-871FFD5EC151}.Release|Any CPU.Deploy.0 = Release|iPhone
		{C9F2F883-712C-4DA7-9079-871FFD5EC151}.Release|ARM.ActiveCfg = Release|iPhone
		{C9F2F883-712C-4DA7-9079-871FFD5EC151}.Release|ARM.Build.0 = Release|iPhone
		{C9F2F883-712C-4DA7-9079-871FFD5EC151}.Release|ARM.Deploy.0 = Release|iPhone
		{C9F2F883-712C-4DA7-9079-871FFD5EC151}.Release|iPhone.ActiveCfg = Release|iPhone
		{C9F2F883-712C-4DA7-9079-871FFD5EC151}.Release|iPhone.Build.0 = Release|iPhone
		{C9F2F883-712C-4DA7-9079-871FFD5EC151}.Release|iPhone.Deploy.0 = Release|iPhone
		{C9F2F883-712C-4DA7-9079-871FFD5EC151}.Release|iPhoneSimulator.ActiveCfg = Release|iPhoneSimulator
		{C9F2F883-712C-4DA7-9079-871FFD5EC151}.Release|iPhoneSimulator.Build.0 = Release|iPhoneSimulator
		{C9F2F883-712C-4DA7-9079-871FFD5EC151}.Release|iPhoneSimulator.Deploy.0 = Release|iPhoneSimulator
		{C9F2F883-712C-4DA7-9079-871FFD5EC151}.Release|x64.ActiveCfg = Release|iPhone
		{C9F2F883-712C-4DA7-9079-871FFD5EC151}.Release|x64.Build.0 = Release|iPhone
		{C9F2F883-712C-4DA7-9079-871FFD5EC151}.Release|x64.Deploy.0 = Release|iPhone
		{C9F2F883-712C-4DA7-9079-871FFD5EC151}.Release|x86.ActiveCfg = Release|iPhone
		{C9F2F883-712C-4DA7-9079-871FFD5EC151}.Release|x86.Build.0 = Release|iPhone
		{C9F2F883-712C-4DA7-9079-871FFD5EC151}.Release|x86.Deploy.0 = Release|iPhone
		{2F2277E5-D1A6-48E2-BCDE-E0AFA2A5E507}.Ad-Hoc|Any CPU.ActiveCfg = Release|x86
		{2F2277E5-D1A6-48E2-BCDE-E0AFA2A5E507}.Ad-Hoc|Any CPU.Build.0 = Release|x86
		{2F2277E5-D1A6-48E2-BCDE-E0AFA2A5E507}.Ad-Hoc|Any CPU.Deploy.0 = Release|x86
		{2F2277E5-D1A6-48E2-BCDE-E0AFA2A5E507}.Ad-Hoc|ARM.ActiveCfg = Release|ARM
		{2F2277E5-D1A6-48E2-BCDE-E0AFA2A5E507}.Ad-Hoc|ARM.Build.0 = Release|ARM
		{2F2277E5-D1A6-48E2-BCDE-E0AFA2A5E507}.Ad-Hoc|ARM.Deploy.0 = Release|ARM
		{2F2277E5-D1A6-48E2-BCDE-E0AFA2A5E507}.Ad-Hoc|iPhone.ActiveCfg = Release|x86
		{2F2277E5-D1A6-48E2-BCDE-E0AFA2A5E507}.Ad-Hoc|iPhone.Build.0 = Release|x86
		{2F2277E5-D1A6-48E2-BCDE-E0AFA2A5E507}.Ad-Hoc|iPhone.Deploy.0 = Release|x86
		{2F2277E5-D1A6-48E2-BCDE-E0AFA2A5E507}.Ad-Hoc|iPhoneSimulator.ActiveCfg = Release|x86
		{2F2277E5-D1A6-48E2-BCDE-E0AFA2A5E507}.Ad-Hoc|iPhoneSimulator.Build.0 = Release|x86
		{2F2277E5-D1A6-48E2-BCDE-E0AFA2A5E507}.Ad-Hoc|iPhoneSimulator.Deploy.0 = Release|x86
		{2F2277E5-D1A6-48E2-BCDE-E0AFA2A5E507}.Ad-Hoc|x64.ActiveCfg = Release|x64
		{2F2277E5-D1A6-48E2-BCDE-E0AFA2A5E507}.Ad-Hoc|x64.Build.0 = Release|x64
		{2F2277E5-D1A6-48E2-BCDE-E0AFA2A5E507}.Ad-Hoc|x64.Deploy.0 = Release|x64
		{2F2277E5-D1A6-48E2-BCDE-E0AFA2A5E507}.Ad-Hoc|x86.ActiveCfg = Release|x86
		{2F2277E5-D1A6-48E2-BCDE-E0AFA2A5E507}.Ad-Hoc|x86.Build.0 = Release|x86
		{2F2277E5-D1A6-48E2-BCDE-E0AFA2A5E507}.Ad-Hoc|x86.Deploy.0 = Release|x86
		{2F2277E5-D1A6-48E2-BCDE-E0AFA2A5E507}.AppStore|Any CPU.ActiveCfg = Release|x86
		{2F2277E5-D1A6-48E2-BCDE-E0AFA2A5E507}.AppStore|Any CPU.Build.0 = Release|x86
		{2F2277E5-D1A6-48E2-BCDE-E0AFA2A5E507}.AppStore|Any CPU.Deploy.0 = Release|x86
		{2F2277E5-D1A6-48E2-BCDE-E0AFA2A5E507}.AppStore|ARM.ActiveCfg = Release|ARM
		{2F2277E5-D1A6-48E2-BCDE-E0AFA2A5E507}.AppStore|ARM.Build.0 = Release|ARM
		{2F2277E5-D1A6-48E2-BCDE-E0AFA2A5E507}.AppStore|ARM.Deploy.0 = Release|ARM
		{2F2277E5-D1A6-48E2-BCDE-E0AFA2A5E507}.AppStore|iPhone.ActiveCfg = Release|x86
		{2F2277E5-D1A6-48E2-BCDE-E0AFA2A5E507}.AppStore|iPhone.Build.0 = Release|x86
		{2F2277E5-D1A6-48E2-BCDE-E0AFA2A5E507}.AppStore|iPhone.Deploy.0 = Release|x86
		{2F2277E5-D1A6-48E2-BCDE-E0AFA2A5E507}.AppStore|iPhoneSimulator.ActiveCfg = Release|x86
		{2F2277E5-D1A6-48E2-BCDE-E0AFA2A5E507}.AppStore|iPhoneSimulator.Build.0 = Release|x86
		{2F2277E5-D1A6-48E2-BCDE-E0AFA2A5E507}.AppStore|iPhoneSimulator.Deploy.0 = Release|x86
		{2F2277E5-D1A6-48E2-BCDE-E0AFA2A5E507}.AppStore|x64.ActiveCfg = Release|x64
		{2F2277E5-D1A6-48E2-BCDE-E0AFA2A5E507}.AppStore|x64.Build.0 = Release|x64
		{2F2277E5-D1A6-48E2-BCDE-E0AFA2A5E507}.AppStore|x64.Deploy.0 = Release|x64
		{2F2277E5-D1A6-48E2-BCDE-E0AFA2A5E507}.AppStore|x86.ActiveCfg = Release|x86
		{2F2277E5-D1A6-48E2-BCDE-E0AFA2A5E507}.AppStore|x86.Build.0 = Release|x86
		{2F2277E5-D1A6-48E2-BCDE-E0AFA2A5E507}.AppStore|x86.Deploy.0 = Release|x86
		{2F2277E5-D1A6-48E2-BCDE-E0AFA2A5E507}.Debug|Any CPU.ActiveCfg = Debug|x86
		{2F2277E5-D1A6-48E2-BCDE-E0AFA2A5E507}.Debug|Any CPU.Build.0 = Debug|x86
		{2F2277E5-D1A6-48E2-BCDE-E0AFA2A5E507}.Debug|Any CPU.Deploy.0 = Debug|x86
		{2F2277E5-D1A6-48E2-BCDE-E0AFA2A5E507}.Debug|ARM.ActiveCfg = Debug|ARM
		{2F2277E5-D1A6-48E2-BCDE-E0AFA2A5E507}.Debug|ARM.Build.0 = Debug|ARM
		{2F2277E5-D1A6-48E2-BCDE-E0AFA2A5E507}.Debug|ARM.Deploy.0 = Debug|ARM
		{2F2277E5-D1A6-48E2-BCDE-E0AFA2A5E507}.Debug|iPhone.ActiveCfg = Debug|x86
		{2F2277E5-D1A6-48E2-BCDE-E0AFA2A5E507}.Debug|iPhone.Build.0 = Debug|x86
		{2F2277E5-D1A6-48E2-BCDE-E0AFA2A5E507}.Debug|iPhone.Deploy.0 = Debug|x86
		{2F2277E5-D1A6-48E2-BCDE-E0AFA2A5E507}.Debug|iPhoneSimulator.ActiveCfg = Debug|x86
		{2F2277E5-D1A6-48E2-BCDE-E0AFA2A5E507}.Debug|iPhoneSimulator.Build.0 = Debug|x86
		{2F2277E5-D1A6-48E2-BCDE-E0AFA2A5E507}.Debug|iPhoneSimulator.Deploy.0 = Debug|x86
		{2F2277E5-D1A6-48E2-BCDE-E0AFA2A5E507}.Debug|x64.ActiveCfg = Debug|x64
		{2F2277E5-D1A6-48E2-BCDE-E0AFA2A5E507}.Debug|x64.Build.0 = Debug|x64
		{2F2277E5-D1A6-48E2-BCDE-E0AFA2A5E507}.Debug|x64.Deploy.0 = Debug|x64
		{2F2277E5-D1A6-48E2-BCDE-E0AFA2A5E507}.Debug|x86.ActiveCfg = Debug|x86
		{2F2277E5-D1A6-48E2-BCDE-E0AFA2A5E507}.Debug|x86.Build.0 = Debug|x86
		{2F2277E5-D1A6-48E2-BCDE-E0AFA2A5E507}.Debug|x86.Deploy.0 = Debug|x86
		{2F2277E5-D1A6-48E2-BCDE-E0AFA2A5E507}.Release|Any CPU.ActiveCfg = Release|x86
		{2F2277E5-D1A6-48E2-BCDE-E0AFA2A5E507}.Release|Any CPU.Build.0 = Release|x86
		{2F2277E5-D1A6-48E2-BCDE-E0AFA2A5E507}.Release|Any CPU.Deploy.0 = Release|x86
		{2F2277E5-D1A6-48E2-BCDE-E0AFA2A5E507}.Release|ARM.ActiveCfg = Release|ARM
		{2F2277E5-D1A6-48E2-BCDE-E0AFA2A5E507}.Release|ARM.Build.0 = Release|ARM
		{2F2277E5-D1A6-48E2-BCDE-E0AFA2A5E507}.Release|ARM.Deploy.0 = Release|ARM
		{2F2277E5-D1A6-48E2-BCDE-E0AFA2A5E507}.Release|iPhone.ActiveCfg = Release|x86
		{2F2277E5-D1A6-48E2-BCDE-E0AFA2A5E507}.Release|iPhone.Build.0 = Release|x86
		{2F2277E5-D1A6-48E2-BCDE-E0AFA2A5E507}.Release|iPhone.Deploy.0 = Release|x86
		{2F2277E5-D1A6-48E2-BCDE-E0AFA2A5E507}.Release|iPhoneSimulator.ActiveCfg = Release|x86
		{2F2277E5-D1A6-48E2-BCDE-E0AFA2A5E507}.Release|iPhoneSimulator.Build.0 = Release|x86
		{2F2277E5-D1A6-48E2-BCDE-E0AFA2A5E507}.Release|iPhoneSimulator.Deploy.0 = Release|x86
		{2F2277E5-D1A6-48E2-BCDE-E0AFA2A5E507}.Release|x64.ActiveCfg = Release|x64
		{2F2277E5-D1A6-48E2-BCDE-E0AFA2A5E507}.Release|x64.Build.0 = Release|x64
		{2F2277E5-D1A6-48E2-BCDE-E0AFA2A5E507}.Release|x64.Deploy.0 = Release|x64
		{2F2277E5-D1A6-48E2-BCDE-E0AFA2A5E507}.Release|x86.ActiveCfg = Release|x86
		{2F2277E5-D1A6-48E2-BCDE-E0AFA2A5E507}.Release|x86.Build.0 = Release|x86
		{2F2277E5-D1A6-48E2-BCDE-E0AFA2A5E507}.Release|x86.Deploy.0 = Release|x86
		{C1CAB67E-E990-4F54-9149-21B7E5AA2C57}.Ad-Hoc|Any CPU.ActiveCfg = Debug|Any CPU
		{C1CAB67E-E990-4F54-9149-21B7E5AA2C57}.Ad-Hoc|Any CPU.Build.0 = Debug|Any CPU
		{C1CAB67E-E990-4F54-9149-21B7E5AA2C57}.Ad-Hoc|Any CPU.Deploy.0 = Debug|Any CPU
		{C1CAB67E-E990-4F54-9149-21B7E5AA2C57}.Ad-Hoc|ARM.ActiveCfg = Debug|Any CPU
		{C1CAB67E-E990-4F54-9149-21B7E5AA2C57}.Ad-Hoc|ARM.Build.0 = Debug|Any CPU
		{C1CAB67E-E990-4F54-9149-21B7E5AA2C57}.Ad-Hoc|ARM.Deploy.0 = Debug|Any CPU
		{C1CAB67E-E990-4F54-9149-21B7E5AA2C57}.Ad-Hoc|iPhone.ActiveCfg = Debug|Any CPU
		{C1CAB67E-E990-4F54-9149-21B7E5AA2C57}.Ad-Hoc|iPhone.Build.0 = Debug|Any CPU
		{C1CAB67E-E990-4F54-9149-21B7E5AA2C57}.Ad-Hoc|iPhone.Deploy.0 = Debug|Any CPU
		{C1CAB67E-E990-4F54-9149-21B7E5AA2C57}.Ad-Hoc|iPhoneSimulator.ActiveCfg = Debug|Any CPU
		{C1CAB67E-E990-4F54-9149-21B7E5AA2C57}.Ad-Hoc|iPhoneSimulator.Build.0 = Debug|Any CPU
		{C1CAB67E-E990-4F54-9149-21B7E5AA2C57}.Ad-Hoc|iPhoneSimulator.Deploy.0 = Debug|Any CPU
		{C1CAB67E-E990-4F54-9149-21B7E5AA2C57}.Ad-Hoc|x64.ActiveCfg = Debug|Any CPU
		{C1CAB67E-E990-4F54-9149-21B7E5AA2C57}.Ad-Hoc|x64.Build.0 = Debug|Any CPU
		{C1CAB67E-E990-4F54-9149-21B7E5AA2C57}.Ad-Hoc|x64.Deploy.0 = Debug|Any CPU
		{C1CAB67E-E990-4F54-9149-21B7E5AA2C57}.Ad-Hoc|x86.ActiveCfg = Debug|Any CPU
		{C1CAB67E-E990-4F54-9149-21B7E5AA2C57}.Ad-Hoc|x86.Build.0 = Debug|Any CPU
		{C1CAB67E-E990-4F54-9149-21B7E5AA2C57}.Ad-Hoc|x86.Deploy.0 = Debug|Any CPU
		{C1CAB67E-E990-4F54-9149-21B7E5AA2C57}.AppStore|Any CPU.ActiveCfg = Debug|Any CPU
		{C1CAB67E-E990-4F54-9149-21B7E5AA2C57}.AppStore|Any CPU.Build.0 = Debug|Any CPU
		{C1CAB67E-E990-4F54-9149-21B7E5AA2C57}.AppStore|Any CPU.Deploy.0 = Debug|Any CPU
		{C1CAB67E-E990-4F54-9149-21B7E5AA2C57}.AppStore|ARM.ActiveCfg = Debug|Any CPU
		{C1CAB67E-E990-4F54-9149-21B7E5AA2C57}.AppStore|ARM.Build.0 = Debug|Any CPU
		{C1CAB67E-E990-4F54-9149-21B7E5AA2C57}.AppStore|ARM.Deploy.0 = Debug|Any CPU
		{C1CAB67E-E990-4F54-9149-21B7E5AA2C57}.AppStore|iPhone.ActiveCfg = Debug|Any CPU
		{C1CAB67E-E990-4F54-9149-21B7E5AA2C57}.AppStore|iPhone.Build.0 = Debug|Any CPU
		{C1CAB67E-E990-4F54-9149-21B7E5AA2C57}.AppStore|iPhone.Deploy.0 = Debug|Any CPU
		{C1CAB67E-E990-4F54-9149-21B7E5AA2C57}.AppStore|iPhoneSimulator.ActiveCfg = Debug|Any CPU
		{C1CAB67E-E990-4F54-9149-21B7E5AA2C57}.AppStore|iPhoneSimulator.Build.0 = Debug|Any CPU
		{C1CAB67E-E990-4F54-9149-21B7E5AA2C57}.AppStore|iPhoneSimulator.Deploy.0 = Debug|Any CPU
		{C1CAB67E-E990-4F54-9149-21B7E5AA2C57}.AppStore|x64.ActiveCfg = Debug|Any CPU
		{C1CAB67E-E990-4F54-9149-21B7E5AA2C57}.AppStore|x64.Build.0 = Debug|Any CPU
		{C1CAB67E-E990-4F54-9149-21B7E5AA2C57}.AppStore|x64.Deploy.0 = Debug|Any CPU
		{C1CAB67E-E990-4F54-9149-21B7E5AA2C57}.AppStore|x86.ActiveCfg = Debug|Any CPU
		{C1CAB67E-E990-4F54-9149-21B7E5AA2C57}.AppStore|x86.Build.0 = Debug|Any CPU
		{C1CAB67E-E990-4F54-9149-21B7E5AA2C57}.AppStore|x86.Deploy.0 = Debug|Any CPU
		{C1CAB67E-E990-4F54-9149-21B7E5AA2C57}.Debug|Any CPU.ActiveCfg = Debug|Any CPU
		{C1CAB67E-E990-4F54-9149-21B7E5AA2C57}.Debug|Any CPU.Build.0 = Debug|Any CPU
		{C1CAB67E-E990-4F54-9149-21B7E5AA2C57}.Debug|Any CPU.Deploy.0 = Debug|Any CPU
		{C1CAB67E-E990-4F54-9149-21B7E5AA2C57}.Debug|ARM.ActiveCfg = Debug|Any CPU
		{C1CAB67E-E990-4F54-9149-21B7E5AA2C57}.Debug|ARM.Build.0 = Debug|Any CPU
		{C1CAB67E-E990-4F54-9149-21B7E5AA2C57}.Debug|ARM.Deploy.0 = Debug|Any CPU
		{C1CAB67E-E990-4F54-9149-21B7E5AA2C57}.Debug|iPhone.ActiveCfg = Debug|Any CPU
		{C1CAB67E-E990-4F54-9149-21B7E5AA2C57}.Debug|iPhone.Build.0 = Debug|Any CPU
		{C1CAB67E-E990-4F54-9149-21B7E5AA2C57}.Debug|iPhone.Deploy.0 = Debug|Any CPU
		{C1CAB67E-E990-4F54-9149-21B7E5AA2C57}.Debug|iPhoneSimulator.ActiveCfg = Debug|Any CPU
		{C1CAB67E-E990-4F54-9149-21B7E5AA2C57}.Debug|iPhoneSimulator.Build.0 = Debug|Any CPU
		{C1CAB67E-E990-4F54-9149-21B7E5AA2C57}.Debug|iPhoneSimulator.Deploy.0 = Debug|Any CPU
		{C1CAB67E-E990-4F54-9149-21B7E5AA2C57}.Debug|x64.ActiveCfg = Debug|Any CPU
		{C1CAB67E-E990-4F54-9149-21B7E5AA2C57}.Debug|x64.Build.0 = Debug|Any CPU
		{C1CAB67E-E990-4F54-9149-21B7E5AA2C57}.Debug|x64.Deploy.0 = Debug|Any CPU
		{C1CAB67E-E990-4F54-9149-21B7E5AA2C57}.Debug|x86.ActiveCfg = Debug|Any CPU
		{C1CAB67E-E990-4F54-9149-21B7E5AA2C57}.Debug|x86.Build.0 = Debug|Any CPU
		{C1CAB67E-E990-4F54-9149-21B7E5AA2C57}.Debug|x86.Deploy.0 = Debug|Any CPU
		{C1CAB67E-E990-4F54-9149-21B7E5AA2C57}.Release|Any CPU.ActiveCfg = Release|Any CPU
		{C1CAB67E-E990-4F54-9149-21B7E5AA2C57}.Release|Any CPU.Build.0 = Release|Any CPU
		{C1CAB67E-E990-4F54-9149-21B7E5AA2C57}.Release|Any CPU.Deploy.0 = Release|Any CPU
		{C1CAB67E-E990-4F54-9149-21B7E5AA2C57}.Release|ARM.ActiveCfg = Release|Any CPU
		{C1CAB67E-E990-4F54-9149-21B7E5AA2C57}.Release|ARM.Build.0 = Release|Any CPU
		{C1CAB67E-E990-4F54-9149-21B7E5AA2C57}.Release|ARM.Deploy.0 = Release|Any CPU
		{C1CAB67E-E990-4F54-9149-21B7E5AA2C57}.Release|iPhone.ActiveCfg = Release|Any CPU
		{C1CAB67E-E990-4F54-9149-21B7E5AA2C57}.Release|iPhone.Build.0 = Release|Any CPU
		{C1CAB67E-E990-4F54-9149-21B7E5AA2C57}.Release|iPhone.Deploy.0 = Release|Any CPU
		{C1CAB67E-E990-4F54-9149-21B7E5AA2C57}.Release|iPhoneSimulator.ActiveCfg = Release|Any CPU
		{C1CAB67E-E990-4F54-9149-21B7E5AA2C57}.Release|iPhoneSimulator.Build.0 = Release|Any CPU
		{C1CAB67E-E990-4F54-9149-21B7E5AA2C57}.Release|iPhoneSimulator.Deploy.0 = Release|Any CPU
		{C1CAB67E-E990-4F54-9149-21B7E5AA2C57}.Release|x64.ActiveCfg = Release|Any CPU
		{C1CAB67E-E990-4F54-9149-21B7E5AA2C57}.Release|x64.Build.0 = Release|Any CPU
		{C1CAB67E-E990-4F54-9149-21B7E5AA2C57}.Release|x64.Deploy.0 = Release|Any CPU
		{C1CAB67E-E990-4F54-9149-21B7E5AA2C57}.Release|x86.ActiveCfg = Release|Any CPU
		{C1CAB67E-E990-4F54-9149-21B7E5AA2C57}.Release|x86.Build.0 = Release|Any CPU
		{C1CAB67E-E990-4F54-9149-21B7E5AA2C57}.Release|x86.Deploy.0 = Release|Any CPU
	EndGlobalSection
	GlobalSection(SolutionProperties) = preSolution
		HideSolutionNode = FALSE
	EndGlobalSection
	GlobalSection(ExtensibilityGlobals) = postSolution
		SolutionGuid = {AB3E5CF0-DE80-458B-B8A1-CEADF4FFC06D}
	EndGlobalSection
EndGlobal
